
Microsoft Visual Studio Solution File, Format Version 12.00
# Visual Studio Version 17
VisualStudioVersion = 17.12.35707.178 d17.12
MinimumVisualStudioVersion = 10.0.40219.1
Project("{FAE04EC0-301F-11D3-BF4B-00C04F79EFBC}") = "Presentacion", "Presentacion\Presentacion.csproj", "{11B57744-EC0C-4E2D-9B1C-624AACABCE54}"
EndProject
Project("{FAE04EC0-301F-11D3-BF4B-00C04F79EFBC}") = "Entidades", "Entidades\Entidades.csproj", "{5B828B79-638E-44F1-893B-F1BDDC782779}"
EndProject
Project("{FAE04EC0-301F-11D3-BF4B-00C04F79EFBC}") = "AccesoDatos", "AccesoDatos\AccesoDatos.csproj", "{1745515B-E341-4726-9D92-31DFA80B77C5}"
EndProject
Project("{FAE04EC0-301F-11D3-BF4B-00C04F79EFBC}") = "LogicaNegocio", "LogicaNegocio\LogicaNegocio.csproj", "{151D37FC-B143-4A1F-A544-4517EDDB6D54}"
EndProject
Global
	GlobalSection(SolutionConfigurationPlatforms) = preSolution
		Debug|Any CPU = Debug|Any CPU
		Release|Any CPU = Release|Any CPU
	EndGlobalSection
	GlobalSection(ProjectConfigurationPlatforms) = postSolution
		{11B57744-EC0C-4E2D-9B1C-624AACABCE54}.Debug|Any CPU.ActiveCfg = Debug|Any CPU
		{11B57744-EC0C-4E2D-9B1C-624AACABCE54}.Debug|Any CPU.Build.0 = Debug|Any CPU
		{11B57744-EC0C-4E2D-9B1C-624AACABCE54}.Release|Any CPU.ActiveCfg = Release|Any CPU
		{11B57744-EC0C-4E2D-9B1C-624AACABCE54}.Release|Any CPU.Build.0 = Release|Any CPU
		{5B828B79-638E-44F1-893B-F1BDDC782779}.Debug|Any CPU.ActiveCfg = Debug|Any CPU
		{5B828B79-638E-44F1-893B-F1BDDC782779}.Debug|Any CPU.Build.0 = Debug|Any CPU
		{5B828B79-638E-44F1-893B-F1BDDC782779}.Release|Any CPU.ActiveCfg = Release|Any CPU
		{5B828B79-638E-44F1-893B-F1BDDC782779}.Release|Any CPU.Build.0 = Release|Any CPU
		{1745515B-E341-4726-9D92-31DFA80B77C5}.Debug|Any CPU.ActiveCfg = Debug|Any CPU
		{1745515B-E341-4726-9D92-31DFA80B77C5}.Debug|Any CPU.Build.0 = Debug|Any CPU
		{1745515B-E341-4726-9D92-31DFA80B77C5}.Release|Any CPU.ActiveCfg = Release|Any CPU
		{1745515B-E341-4726-9D92-31DFA80B77C5}.Release|Any CPU.Build.0 = Release|Any CPU
		{151D37FC-B143-4A1F-A544-4517EDDB6D54}.Debug|Any CPU.ActiveCfg = Debug|Any CPU
		{151D37FC-B143-4A1F-A544-4517EDDB6D54}.Debug|Any CPU.Build.0 = Debug|Any CPU
		{151D37FC-B143-4A1F-A544-4517EDDB6D54}.Release|Any CPU.ActiveCfg = Release|Any CPU
		{151D37FC-B143-4A1F-A544-4517EDDB6D54}.Release|Any CPU.Build.0 = Release|Any CPU
	EndGlobalSection
	GlobalSection(SolutionProperties) = preSolution
		HideSolutionNode = FALSE
	EndGlobalSection
EndGlobal
